{
  "name": "@f0c1s/security-rot.sh",
  "version": "2021.1.1",
  "lockfileVersion": 1,
  "requires": true,
  "dependencies": {
    "@f0c1s/color-blue": {
      "version": "0.0.1",
      "resolved": "https://registry.npmjs.org/@f0c1s/color-blue/-/color-blue-0.0.1.tgz",
      "integrity": "sha512-EqxerC303qTFSrYGW1JuKtj0OQkEK4phNgjR15PduARq2M8bR/o2qbzOSw0e4kT7hXQWpeMyENcV+rqxNO9uSw=="
    },
    "@f0c1s/color-green": {
      "version": "0.0.1",
      "resolved": "https://registry.npmjs.org/@f0c1s/color-green/-/color-green-0.0.1.tgz",
      "integrity": "sha512-poOX7ME8VY63/N0teeNPG4XgDITFvUEMNx51zBITmSDbpvR+JBzh8ldO2lPl4SAEG1KjnwQBcMH4K0CGgHm4OA=="
    },
    "@f0c1s/color-red": {
      "version": "0.0.1",
      "resolved": "https://registry.npmjs.org/@f0c1s/color-red/-/color-red-0.0.1.tgz",
      "integrity": "sha512-vT0VIj3KPpc7Md7f+0+2crvC636bLgs0RdCjGPa1fz6KAYkAMrFp0U7jpev+dJReRBSAyExwxO3Kmm98/pqXkg=="
    },
    "@f0c1s/color-yellow": {
      "version": "0.0.1",
      "resolved": "https://registry.npmjs.org/@f0c1s/color-yellow/-/color-yellow-0.0.1.tgz",
      "integrity": "sha512-/bfoTUZK5jkmQmI/GPyqWYHOcaeblWz4sSusFfCWthI3BSGhG4mqcuuWLZfLXFYY+xo+uQ6wY3FAVeVgAxLRBA=="
    },
    "@f0c1s/security-rot": {
      "version": "2021.1.2",
      "resolved": "https://registry.npmjs.org/@f0c1s/security-rot/-/security-rot-2021.1.2.tgz",
      "integrity": "sha512-mIBpNiQiSJxEzVuezrbUHKOuQUxyY21r0uc70SkjDVucMOU9x/NyxE08A2Ltm4z5/KRwi4thuDQbsqXPLqn5bA==",
      "requires": {
        "@f0c1s/color-blue": "0.0.1",
        "@f0c1s/color-green": "0.0.1",
        "@f0c1s/color-red": "0.0.1",
        "@f0c1s/color-yellow": "0.0.1"
      }
    }
  }
}
