{
  "name": "@f0c1s/security-rot.sh",
  "version": "2021.3.20",
  "lockfileVersion": 2,
  "requires": true,
  "packages": {
    "": {
      "name": "@f0c1s/security-rot.sh",
      "version": "2021.3.20",
      "license": "MIT",
      "dependencies": {
        "@f0c1s/color-blue": "0.0.1",
        "@f0c1s/color-green": "0.0.1",
        "@f0c1s/color-red": "0.0.1",
        "@f0c1s/color-yellow": "0.0.1",
        "@f0c1s/security-rot": "^2021.3.20"
      },
      "bin": {
        "rot": "src/rot.sh.js"
      }
    },
    "node_modules/@f0c1s/color-blue": {
      "version": "0.0.1",
      "resolved": "https://registry.npmjs.org/@f0c1s/color-blue/-/color-blue-0.0.1.tgz",
      "integrity": "sha512-EqxerC303qTFSrYGW1JuKtj0OQkEK4phNgjR15PduARq2M8bR/o2qbzOSw0e4kT7hXQWpeMyENcV+rqxNO9uSw=="
    },
    "node_modules/@f0c1s/color-green": {
      "version": "0.0.1",
      "resolved": "https://registry.npmjs.org/@f0c1s/color-green/-/color-green-0.0.1.tgz",
      "integrity": "sha512-poOX7ME8VY63/N0teeNPG4XgDITFvUEMNx51zBITmSDbpvR+JBzh8ldO2lPl4SAEG1KjnwQBcMH4K0CGgHm4OA=="
    },
    "node_modules/@f0c1s/color-red": {
      "version": "0.0.1",
      "resolved": "https://registry.npmjs.org/@f0c1s/color-red/-/color-red-0.0.1.tgz",
      "integrity": "sha512-vT0VIj3KPpc7Md7f+0+2crvC636bLgs0RdCjGPa1fz6KAYkAMrFp0U7jpev+dJReRBSAyExwxO3Kmm98/pqXkg=="
    },
    "node_modules/@f0c1s/color-yellow": {
      "version": "0.0.1",
      "resolved": "https://registry.npmjs.org/@f0c1s/color-yellow/-/color-yellow-0.0.1.tgz",
      "integrity": "sha512-/bfoTUZK5jkmQmI/GPyqWYHOcaeblWz4sSusFfCWthI3BSGhG4mqcuuWLZfLXFYY+xo+uQ6wY3FAVeVgAxLRBA=="
    },
    "node_modules/@f0c1s/security-rot": {
      "version": "2021.3.20",
      "resolved": "https://registry.npmjs.org/@f0c1s/security-rot/-/security-rot-2021.3.20.tgz",
      "integrity": "sha512-mTTiE8fPxeMW6OwbQXe523KvTFFgA4SJH+dp9hVrzvm+Zvrga8/C6n+byqDqraGwJpt1t3ThuccFSSJMsQDqBg==",
      "dependencies": {
        "@f0c1s/color-blue": "0.0.1",
        "@f0c1s/color-green": "0.0.1",
        "@f0c1s/color-red": "0.0.1",
        "@f0c1s/color-yellow": "0.0.1"
      }
    }
  },
  "dependencies": {
    "@f0c1s/color-blue": {
      "version": "0.0.1",
      "resolved": "https://registry.npmjs.org/@f0c1s/color-blue/-/color-blue-0.0.1.tgz",
      "integrity": "sha512-EqxerC303qTFSrYGW1JuKtj0OQkEK4phNgjR15PduARq2M8bR/o2qbzOSw0e4kT7hXQWpeMyENcV+rqxNO9uSw=="
    },
    "@f0c1s/color-green": {
      "version": "0.0.1",
      "resolved": "https://registry.npmjs.org/@f0c1s/color-green/-/color-green-0.0.1.tgz",
      "integrity": "sha512-poOX7ME8VY63/N0teeNPG4XgDITFvUEMNx51zBITmSDbpvR+JBzh8ldO2lPl4SAEG1KjnwQBcMH4K0CGgHm4OA=="
    },
    "@f0c1s/color-red": {
      "version": "0.0.1",
      "resolved": "https://registry.npmjs.org/@f0c1s/color-red/-/color-red-0.0.1.tgz",
      "integrity": "sha512-vT0VIj3KPpc7Md7f+0+2crvC636bLgs0RdCjGPa1fz6KAYkAMrFp0U7jpev+dJReRBSAyExwxO3Kmm98/pqXkg=="
    },
    "@f0c1s/color-yellow": {
      "version": "0.0.1",
      "resolved": "https://registry.npmjs.org/@f0c1s/color-yellow/-/color-yellow-0.0.1.tgz",
      "integrity": "sha512-/bfoTUZK5jkmQmI/GPyqWYHOcaeblWz4sSusFfCWthI3BSGhG4mqcuuWLZfLXFYY+xo+uQ6wY3FAVeVgAxLRBA=="
    },
    "@f0c1s/security-rot": {
      "version": "2021.3.20",
      "resolved": "https://registry.npmjs.org/@f0c1s/security-rot/-/security-rot-2021.3.20.tgz",
      "integrity": "sha512-mTTiE8fPxeMW6OwbQXe523KvTFFgA4SJH+dp9hVrzvm+Zvrga8/C6n+byqDqraGwJpt1t3ThuccFSSJMsQDqBg==",
      "requires": {
        "@f0c1s/color-blue": "0.0.1",
        "@f0c1s/color-green": "0.0.1",
        "@f0c1s/color-red": "0.0.1",
        "@f0c1s/color-yellow": "0.0.1"
      }
    }
  }
}
